// !$*UTF8*$!
{
	archiveVersion = 1;
	classes = {
	};
	objectVersion = 56;
	objects = {

/* Begin PBXBuildFile section */
		3D7B40A686C6B3EA9089FC5A /* Qwen35Generator.swift in Sources */ = {isa = PBXBuildFile; fileRef = 4A1D4FF98B69913D28EA1C29 /* Qwen35Generator.swift */; };
		C1A1B2C3D4E5F6A7B8C9D000 /* Qwen3VL2BGenerator.swift in Sources */ = {isa = PBXBuildFile; fileRef = C2A1B2C3D4E5F6A7B8C9D001 /* Qwen3VL2BGenerator.swift */; };
		C1A1B2C3D4E5F6A7B8C9D002 /* Qwen3VL2BVisionEncoder.swift in Sources */ = {isa = PBXBuildFile; fileRef = C2A1B2C3D4E5F6A7B8C9D003 /* Qwen3VL2BVisionEncoder.swift */; };
		'B1000003' = {isa = PBXBuildFile; fileRef = B2000003; };
		'B1000004' = {isa = PBXBuildFile; fileRef = B2000004; };
		'B1000007' = {isa = PBXBuildFile; fileRef = B2000007; };
		'B1000008' = {isa = PBXBuildFile; productRef = B9000001; };
		'B1000010' = {isa = PBXBuildFile; productRef = B9000003; };
		D1E20000000000000000BE05 /* Qwen3VL2BStatefulGenerator.swift in Sources */ = {isa = PBXBuildFile; fileRef = D1E20000000000000000BE06 /* Qwen3VL2BStatefulGenerator.swift */; };
		'F1000001' = {isa = PBXBuildFile; fileRef = F2000001; };
		'F1000002' = {isa = PBXBuildFile; fileRef = F2000002; };
		'F1000003' = {isa = PBXBuildFile; fileRef = F2000003; };
		'F1000004' = {isa = PBXBuildFile; fileRef = F2000004; };
		'F1000005' = {isa = PBXBuildFile; fileRef = F2000005; };
		'F1000006' = {isa = PBXBuildFile; fileRef = F2000006; };
		'F1000010' = {isa = PBXBuildFile; fileRef = F2000010; };
/* End PBXBuildFile section */

/* Begin PBXFileReference section */
		4A1D4FF98B69913D28EA1C29 /* Qwen35Generator.swift */ = {isa = PBXFileReference; lastKnownFileType = sourcecode.swift; name = Qwen35Generator.swift; path = CoreMLLLMChat/Qwen35Generator.swift; sourceTree = SOURCE_ROOT; };
		C2A1B2C3D4E5F6A7B8C9D001 /* Qwen3VL2BGenerator.swift */ = {isa = PBXFileReference; lastKnownFileType = sourcecode.swift; name = Qwen3VL2BGenerator.swift; path = CoreMLLLMChat/Qwen3VL2BGenerator.swift; sourceTree = SOURCE_ROOT; };
		C2A1B2C3D4E5F6A7B8C9D003 /* Qwen3VL2BVisionEncoder.swift */ = {isa = PBXFileReference; lastKnownFileType = sourcecode.swift; name = Qwen3VL2BVisionEncoder.swift; path = CoreMLLLMChat/Qwen3VL2BVisionEncoder.swift; sourceTree = SOURCE_ROOT; };
		'B2000003' = {isa = PBXFileReference; lastKnownFileType = sourcecode.swift; path = ChatMessage.swift; sourceTree = "<group>"; };
		'B2000004' = {isa = PBXFileReference; lastKnownFileType = sourcecode.swift; path = LLMRunner.swift; sourceTree = "<group>"; };
		'B2000007' = {isa = PBXFileReference; lastKnownFileType = folder.assetcatalog; path = Assets.xcassets; sourceTree = "<group>"; };
		'B2000009' = {isa = PBXFileReference; lastKnownFileType = text.plist.entitlements; path = CoreMLLLMChat.entitlements; sourceTree = "<group>"; };
		'B3000001' = {isa = PBXFileReference; explicitFileType = wrapper.application; includeInIndex = 0; path = MBFashion.app; sourceTree = BUILT_PRODUCTS_DIR; };
		D1E20000000000000000BE06 /* Qwen3VL2BStatefulGenerator.swift */ = {isa = PBXFileReference; lastKnownFileType = sourcecode.swift; name = Qwen3VL2BStatefulGenerator.swift; path = CoreMLLLMChat/Qwen3VL2BStatefulGenerator.swift; sourceTree = SOURCE_ROOT; };
		'F2000001' = {isa = PBXFileReference; lastKnownFileType = sourcecode.swift; path = MBFashionApp.swift; sourceTree = "<group>"; };
		'F2000002' = {isa = PBXFileReference; lastKnownFileType = sourcecode.swift; path = AppState.swift; sourceTree = "<group>"; };
		'F2000003' = {isa = PBXFileReference; lastKnownFileType = sourcecode.swift; path = WelcomeView.swift; sourceTree = "<group>"; };
		'F2000004' = {isa = PBXFileReference; lastKnownFileType = sourcecode.swift; path = MainView.swift; sourceTree = "<group>"; };
		'F2000005' = {isa = PBXFileReference; lastKnownFileType = sourcecode.swift; path = AnalyzingView.swift; sourceTree = "<group>"; };
		'F2000006' = {isa = PBXFileReference; lastKnownFileType = sourcecode.swift; path = ResultView.swift; sourceTree = "<group>"; };
		'F2000010' = {isa = PBXFileReference; lastKnownFileType = folder; name = "qwen3-vl-2b-fashion"; path = "Resources/qwen3-vl-2b-fashion"; sourceTree = "<group>"; };
/* End PBXFileReference section */

/* Begin PBXFrameworksBuildPhase section */
		'B4000001' = {
			isa = PBXFrameworksBuildPhase;
			buildActionMask = 2147483647;
			files = (
				B1000008,
				B1000010,
			);
			runOnlyForDeploymentPostprocessing = 0;
		};
/* End PBXFrameworksBuildPhase section */

/* Begin PBXGroup section */
		'B5000001' = {
			isa = PBXGroup;
			children = (
				B5000002,
				B5000003,
				4A1D4FF98B69913D28EA1C29 /* Qwen35Generator.swift */,
				C2A1B2C3D4E5F6A7B8C9D001 /* Qwen3VL2BGenerator.swift */,
				C2A1B2C3D4E5F6A7B8C9D003 /* Qwen3VL2BVisionEncoder.swift */,
				D1E20000000000000000BE06 /* Qwen3VL2BStatefulGenerator.swift */,
			);
			sourceTree = "<group>";
		};
		'B5000002' = {
			isa = PBXGroup;
			children = (
				F2000001,
				F2000002,
				F2000003,
				F2000004,
				F2000005,
				F2000006,
				B2000003,
				B2000004,
				B2000009,
				B2000007,
				F2000010,
			);
			path = CoreMLLLMChat;
			sourceTree = "<group>";
		};
		'B5000003' = {
			isa = PBXGroup;
			children = (
				B3000001,
			);
			name = Products;
			sourceTree = "<group>";
		};
/* End PBXGroup section */

/* Begin PBXNativeTarget section */
		'B6000001' = {
			isa = PBXNativeTarget;
			buildConfigurationList = B8000001;
			buildPhases = (
				B7000001,
				B4000001,
				B7000002,
			);
			buildRules = (
			);
			dependencies = (
			);
			name = MBFashion;
			packageProductDependencies = (
				B9000001,
				B9000003,
			);
			productName = MBFashion;
			productReference = B3000001;
			productType = "com.apple.product-type.application";
		};
/* End PBXNativeTarget section */

/* Begin PBXProject section */
		'BA000001' = {
			isa = PBXProject;
			attributes = {
				BuildIndependentTargetsInParallel = 1;
				LastSwiftUpdateCheck = 1600;
				LastUpgradeCheck = 1600;
			};
			buildConfigurationList = B8000002;
			compatibilityVersion = "Xcode 14.0";
			developmentRegion = en;
			hasScannedForEncodings = 0;
			knownRegions = (
				en,
				Base,
			);
			mainGroup = B5000001;
			packageReferences = (
				B9000002,
				B9000004,
			);
			productRefGroup = B5000003;
			projectDirPath = "";
			projectRoot = "";
			targets = (
				B6000001,
			);
		};
/* End PBXProject section */

/* Begin PBXResourcesBuildPhase section */
		'B7000002' = {
			isa = PBXResourcesBuildPhase;
			buildActionMask = 2147483647;
			files = (
				B1000007,
				F1000010,
			);
			runOnlyForDeploymentPostprocessing = 0;
		};
/* End PBXResourcesBuildPhase section */

/* Begin PBXSourcesBuildPhase section */
		'B7000001' = {
			isa = PBXSourcesBuildPhase;
			buildActionMask = 2147483647;
			files = (
				F1000001,
				F1000002,
				F1000003,
				F1000004,
				F1000005,
				F1000006,
				B1000003,
				B1000004,
				3D7B40A686C6B3EA9089FC5A /* Qwen35Generator.swift in Sources */,
				C1A1B2C3D4E5F6A7B8C9D000 /* Qwen3VL2BGenerator.swift in Sources */,
				C1A1B2C3D4E5F6A7B8C9D002 /* Qwen3VL2BVisionEncoder.swift in Sources */,
				D1E20000000000000000BE05 /* Qwen3VL2BStatefulGenerator.swift in Sources */,
			);
			runOnlyForDeploymentPostprocessing = 0;
		};
/* End PBXSourcesBuildPhase section */

/* Begin XCBuildConfiguration section */
		'BB000001' = {
			isa = XCBuildConfiguration;
			buildSettings = {
				ASSETCATALOG_COMPILER_APPICON_NAME = AppIcon;
				CODE_SIGN_ENTITLEMENTS = CoreMLLLMChat/CoreMLLLMChat.entitlements;
				CODE_SIGN_STYLE = Automatic;
				CURRENT_PROJECT_VERSION = 1;
				DEVELOPMENT_TEAM = MFN25KNUGJ;
				GENERATE_INFOPLIST_FILE = YES;
				INFOPLIST_FILE = CoreMLLLMChat/Info.plist;
				INFOPLIST_KEY_CFBundleDisplayName = "MB Fashion";
				INFOPLIST_KEY_LSSupportsOpeningDocumentsInPlace = YES;
				INFOPLIST_KEY_UIApplicationSceneManifest_Generation = YES;
				INFOPLIST_KEY_UIApplicationSupportsIndirectInputEvents = YES;
				INFOPLIST_KEY_UIFileSharingEnabled = YES;
				INFOPLIST_KEY_UILaunchScreen_Generation = YES;
				INFOPLIST_KEY_UISupportedInterfaceOrientations_iPhone = "UIInterfaceOrientationPortrait";
				IPHONEOS_DEPLOYMENT_TARGET = 18.0;
				LD_RUNPATH_SEARCH_PATHS = (
					"$(inherited)",
					"@executable_path/Frameworks",
				);
				MARKETING_VERSION = 1.0;
				PRODUCT_BUNDLE_IDENTIFIER = com.daisuke.MBFashion;
				PRODUCT_NAME = "$(TARGET_NAME)";
				SWIFT_EMIT_LOC_STRINGS = YES;
				SWIFT_VERSION = 5.0;
				TARGETED_DEVICE_FAMILY = "1";
			};
			name = Debug;
		};
		'BB000002' = {
			isa = XCBuildConfiguration;
			buildSettings = {
				ASSETCATALOG_COMPILER_APPICON_NAME = AppIcon;
				CODE_SIGN_ENTITLEMENTS = CoreMLLLMChat/CoreMLLLMChat.entitlements;
				CODE_SIGN_STYLE = Automatic;
				CURRENT_PROJECT_VERSION = 1;
				DEVELOPMENT_TEAM = MFN25KNUGJ;
				GENERATE_INFOPLIST_FILE = YES;
				INFOPLIST_FILE = CoreMLLLMChat/Info.plist;
				INFOPLIST_KEY_CFBundleDisplayName = "MB Fashion";
				INFOPLIST_KEY_LSSupportsOpeningDocumentsInPlace = YES;
				INFOPLIST_KEY_UIApplicationSceneManifest_Generation = YES;
				INFOPLIST_KEY_UIApplicationSupportsIndirectInputEvents = YES;
				INFOPLIST_KEY_UIFileSharingEnabled = YES;
				INFOPLIST_KEY_UILaunchScreen_Generation = YES;
				INFOPLIST_KEY_UISupportedInterfaceOrientations_iPhone = "UIInterfaceOrientationPortrait";
				IPHONEOS_DEPLOYMENT_TARGET = 18.0;
				LD_RUNPATH_SEARCH_PATHS = (
					"$(inherited)",
					"@executable_path/Frameworks",
				);
				MARKETING_VERSION = 1.0;
				PRODUCT_BUNDLE_IDENTIFIER = com.daisuke.MBFashion;
				PRODUCT_NAME = "$(TARGET_NAME)";
				SWIFT_EMIT_LOC_STRINGS = YES;
				SWIFT_VERSION = 5.0;
				TARGETED_DEVICE_FAMILY = "1";
			};
			name = Release;
		};
		'BC000001' = {
			isa = XCBuildConfiguration;
			buildSettings = {
				ALWAYS_SEARCH_USER_PATHS = NO;
				CLANG_ANALYZER_NONNULL = YES;
				CLANG_CXX_LANGUAGE_STANDARD = "gnu++20";
				CLANG_ENABLE_MODULES = YES;
				CLANG_ENABLE_OBJC_ARC = YES;
				COPY_PHASE_STRIP = NO;
				DEBUG_INFORMATION_FORMAT = dwarf;
				ENABLE_STRICT_OBJC_MSGSEND = YES;
				ENABLE_TESTABILITY = YES;
				GCC_DYNAMIC_NO_PIC = NO;
				GCC_OPTIMIZATION_LEVEL = 0;
				GCC_PREPROCESSOR_DEFINITIONS = (
					"DEBUG=1",
					"$(inherited)",
				);
				IPHONEOS_DEPLOYMENT_TARGET = 18.0;
				MTL_ENABLE_DEBUG_INFO = INCLUDE_SOURCE;
				ONLY_ACTIVE_ARCH = YES;
				SDKROOT = iphoneos;
				SWIFT_ACTIVE_COMPILATION_CONDITIONS = "$(inherited) DEBUG";
				SWIFT_OPTIMIZATION_LEVEL = "-Onone";
				SWIFT_STRICT_CONCURRENCY = minimal;
			};
			name = Debug;
		};
		'BC000002' = {
			isa = XCBuildConfiguration;
			buildSettings = {
				ALWAYS_SEARCH_USER_PATHS = NO;
				CLANG_ANALYZER_NONNULL = YES;
				CLANG_CXX_LANGUAGE_STANDARD = "gnu++20";
				CLANG_ENABLE_MODULES = YES;
				CLANG_ENABLE_OBJC_ARC = YES;
				COPY_PHASE_STRIP = NO;
				DEBUG_INFORMATION_FORMAT = "dwarf-with-dsym";
				ENABLE_NS_ASSERTIONS = NO;
				ENABLE_STRICT_OBJC_MSGSEND = YES;
				GCC_OPTIMIZATION_LEVEL = s;
				IPHONEOS_DEPLOYMENT_TARGET = 18.0;
				MTL_ENABLE_DEBUG_INFO = NO;
				SDKROOT = iphoneos;
				SWIFT_COMPILATION_MODE = wholemodule;
				SWIFT_STRICT_CONCURRENCY = minimal;
				VALIDATE_PRODUCT = YES;
			};
			name = Release;
		};
/* End XCBuildConfiguration section */

/* Begin XCConfigurationList section */
		'B8000001' = {
			isa = XCConfigurationList;
			buildConfigurations = (
				BB000001,
				BB000002,
			);
			defaultConfigurationIsVisible = 0;
			defaultConfigurationName = Release;
		};
		'B8000002' = {
			isa = XCConfigurationList;
			buildConfigurations = (
				BC000001,
				BC000002,
			);
			defaultConfigurationIsVisible = 0;
			defaultConfigurationName = Release;
		};
/* End XCConfigurationList section */

/* Begin XCLocalSwiftPackageReference section */
		'B9000004' = {
			isa = XCLocalSwiftPackageReference;
			relativePath = ../..;
		};
/* End XCLocalSwiftPackageReference section */

/* Begin XCRemoteSwiftPackageReference section */
		'B9000002' = {
			isa = XCRemoteSwiftPackageReference;
			repositoryURL = "https://github.com/huggingface/swift-transformers";
			requirement = {
				kind = revision;
				revision = "main";
			};
		};
/* End XCRemoteSwiftPackageReference section */

/* Begin XCSwiftPackageProductDependency section */
		'B9000001' = {
			isa = XCSwiftPackageProductDependency;
			package = B9000002;
			productName = Transformers;
		};
		'B9000003' = {
			isa = XCSwiftPackageProductDependency;
			productName = CoreMLLLM;
		};
/* End XCSwiftPackageProductDependency section */
	};
	rootObject = BA000001;
}
